<?xml version="1.0"?>
<CONFIG>
  <ProjectOptions>
    <Version Value="7"/>
    <General>
      <MainUnit Value="0"/>
      <TargetFileExt Value=""/>
      <UseXPManifest Value="True"/>
      <ActiveEditorIndexAtStart Value="0"/>
    </General>
    <VersionInfo>
      <ProjectVersion Value=""/>
    </VersionInfo>
    <PublishOptions>
      <Version Value="2"/>
      <IgnoreBinaries Value="False"/>
      <IncludeFileFilter Value="*.(pas|pp|inc|lfm|lpr|lrs|lpi|lpk|sh|xml)"/>
      <ExcludeFileFilter Value="*.(bak|ppu|ppw|o|so);*~;backup"/>
    </PublishOptions>
    <RunParams>
      <local>
        <FormatVersion Value="1"/>
        <LaunchingApplication PathPlusParams="/usr/X11R6/bin/xterm -T 'Lazarus Run Output' -e $(LazarusDir)/tools/runwait.sh $(TargetCmdLine)"/>
      </local>
    </RunParams>
    <RequiredPackages Count="2">
      <Item1>
        <PackageName Value="richmemopackage"/>
        <MinVersion Minor="8" Valid="True"/>
      </Item1>
      <Item2>
        <PackageName Value="LCL"/>
      </Item2>
    </RequiredPackages>
    <Units Count="37">
      <Unit0>
        <Filename Value="project1.lpr"/>
        <IsPartOfProject Value="True"/>
        <UnitName Value="project1"/>
        <CursorPos X="32" Y="12"/>
        <TopLine Value="1"/>
        <EditorIndex Value="1"/>
        <UsageCount Value="46"/>
        <Loaded Value="True"/>
      </Unit0>
      <Unit1>
        <Filename Value="unit1.pas"/>
        <ComponentName Value="Form1"/>
        <IsPartOfProject Value="True"/>
        <ResourceBaseClass Value="Form"/>
        <UnitName Value="Unit1"/>
        <CursorPos X="62" Y="83"/>
        <TopLine Value="76"/>
        <EditorIndex Value="0"/>
        <UsageCount Value="46"/>
        <Loaded Value="True"/>
      </Unit1>
      <Unit2>
        <Filename Value="../RichMemo/carbon/carbonrichmemo.pas"/>
        <UnitName Value="CarbonRichMemo"/>
        <CursorPos X="31" Y="137"/>
        <TopLine Value="114"/>
        <UsageCount Value="14"/>
      </Unit2>
      <Unit3>
        <Filename Value="../RichMemo/win32/win32richmemo.pas"/>
        <UnitName Value="Win32RichMemo"/>
        <CursorPos X="1" Y="32"/>
        <TopLine Value="15"/>
        <UsageCount Value="8"/>
      </Unit3>
      <Unit4>
        <Filename Value="../RichMemo/richmemofactory.pas"/>
        <UnitName Value="RichMemoFactory"/>
        <CursorPos X="20" Y="22"/>
        <TopLine Value="1"/>
        <UsageCount Value="8"/>
      </Unit4>
      <Unit5>
        <Filename Value="../RichMemo/wsrichmemo.pas"/>
        <UnitName Value="WSRichMemo"/>
        <CursorPos X="32" Y="18"/>
        <TopLine Value="1"/>
        <UsageCount Value="8"/>
      </Unit5>
      <Unit6>
        <Filename Value="../lazarus/lcl/widgetset/wsstdctrls.pp"/>
        <UnitName Value="WSStdCtrls"/>
        <CursorPos X="32" Y="140"/>
        <TopLine Value="126"/>
        <UsageCount Value="8"/>
      </Unit6>
      <Unit7>
        <Filename Value="../lazarus/lcl/widgetset/wscontrols.pp"/>
        <UnitName Value="WSControls"/>
        <CursorPos X="33" Y="115"/>
        <TopLine Value="100"/>
        <UsageCount Value="8"/>
      </Unit7>
      <Unit8>
        <Filename Value="../lazarus/lcl/lcltype.pp"/>
        <UnitName Value="LCLType"/>
        <CursorPos X="3" Y="2330"/>
        <TopLine Value="2316"/>
        <UsageCount Value="9"/>
      </Unit8>
      <Unit9>
        <Filename Value="../lazarus/lcl/interfaces/carbon/carbonedits.pp"/>
        <UnitName Value="CarbonEdits"/>
        <CursorPos X="3" Y="140"/>
        <TopLine Value="124"/>
        <UsageCount Value="14"/>
      </Unit9>
      <Unit10>
        <Filename Value="../lazarus/lcl/widgetset/wscomctrls.pp"/>
        <UnitName Value="WSComCtrls"/>
        <CursorPos X="1" Y="144"/>
        <TopLine Value="144"/>
        <UsageCount Value="8"/>
      </Unit10>
      <Unit11>
        <Filename Value="../lazarus/lcl/interfaces/carbon/carbonwsstdctrls.pp"/>
        <UnitName Value="CarbonWSStdCtrls"/>
        <CursorPos X="20" Y="39"/>
        <TopLine Value="30"/>
        <UsageCount Value="12"/>
      </Unit11>
      <Unit12>
        <Filename Value="../fpc/packages/univint/src/MacOSAll.pas"/>
        <UnitName Value="MacOSAll"/>
        <CursorPos X="3" Y="35065"/>
        <TopLine Value="35051"/>
        <UsageCount Value="13"/>
      </Unit12>
      <Unit13>
        <Filename Value="../lazarus/lcl/interfaces/carbon/carbongdiobjects.pp"/>
        <UnitName Value="CarbonGDIObjects"/>
        <CursorPos X="3" Y="1109"/>
        <TopLine Value="1100"/>
        <UsageCount Value="22"/>
        <Bookmarks Count="1">
          <Item0 X="25" Y="150" ID="1"/>
        </Bookmarks>
        <Loaded Value="True"/>
      </Unit13>
      <Unit14>
        <Filename Value="../lazarus/lcl/interfaces/carbon/carbonproc.pp"/>
        <UnitName Value="CarbonProc"/>
        <CursorPos X="13" Y="554"/>
        <TopLine Value="538"/>
        <UsageCount Value="12"/>
        <Bookmarks Count="2">
          <Item0 X="25" Y="151" ID="1"/>
          <Item1 X="3" Y="536" ID="2"/>
        </Bookmarks>
      </Unit14>
      <Unit15>
        <Filename Value="../lazarus/lcl/controls.pp"/>
        <UnitName Value="Controls"/>
        <CursorPos X="3" Y="2457"/>
        <TopLine Value="2448"/>
        <UsageCount Value="11"/>
      </Unit15>
      <Unit16>
        <Filename Value="../fpc/rtl/objpas/sysutils/sysutilh.inc"/>
        <CursorPos X="17" Y="34"/>
        <TopLine Value="2"/>
        <UsageCount Value="9"/>
      </Unit16>
      <Unit17>
        <Filename Value="../fpc/rtl/bsd/system.pp"/>
        <UnitName Value="System"/>
        <CursorPos X="64" Y="52"/>
        <TopLine Value="29"/>
        <UsageCount Value="9"/>
      </Unit17>
      <Unit18>
        <Filename Value="../fpc/rtl/amiga/sysosh.inc"/>
        <CursorPos X="22" Y="18"/>
        <TopLine Value="7"/>
        <UsageCount Value="9"/>
      </Unit18>
      <Unit19>
        <Filename Value="../RichMemo/richmemo.pas"/>
        <UnitName Value="RichMemo"/>
        <CursorPos X="15" Y="39"/>
        <TopLine Value="23"/>
        <UsageCount Value="13"/>
      </Unit19>
      <Unit20>
        <Filename Value="../lazarus/lcl/interfaces/carbon/carbonprivate.pp"/>
        <UnitName Value="CarbonPrivate"/>
        <CursorPos X="17" Y="649"/>
        <TopLine Value="640"/>
        <UsageCount Value="21"/>
        <Loaded Value="True"/>
      </Unit20>
      <Unit21>
        <Filename Value="../lazarus/lcl/interfaces/carbon/carbonprivatecontrol.inc"/>
        <CursorPos X="42" Y="499"/>
        <TopLine Value="495"/>
        <UsageCount Value="10"/>
      </Unit21>
      <Unit22>
        <Filename Value="../lazarus/lcl/interfaces/carbon/carbondef.pp"/>
        <UnitName Value="CarbonDef"/>
        <CursorPos X="17" Y="649"/>
        <TopLine Value="640"/>
        <UsageCount Value="10"/>
      </Unit22>
      <Unit23>
        <Filename Value="../lazarus/lcl/graphics.pp"/>
        <UnitName Value="Graphics"/>
        <CursorPos X="3" Y="59"/>
        <TopLine Value="45"/>
        <UsageCount Value="10"/>
      </Unit23>
      <Unit24>
        <Filename Value="../lazarus/lcl/interfaces/carbon/carbondbgconsts.pp"/>
        <UnitName Value="CarbonDbgConsts"/>
        <CursorPos X="1" Y="1"/>
        <TopLine Value="1"/>
        <UsageCount Value="9"/>
      </Unit24>
      <Unit25>
        <Filename Value="Unit1.lrs"/>
        <CursorPos X="1" Y="1"/>
        <TopLine Value="1"/>
        <UsageCount Value="9"/>
      </Unit25>
      <Unit26>
        <Filename Value="../../../lazarus/ide/keymapping.pp"/>
        <UnitName Value="KeyMapping"/>
        <CursorPos X="74" Y="1565"/>
        <TopLine Value="1558"/>
        <UsageCount Value="9"/>
      </Unit26>
      <Unit27>
        <Filename Value="../../richmemo.pas"/>
        <UnitName Value="RichMemo"/>
        <CursorPos X="14" Y="29"/>
        <TopLine Value="19"/>
        <EditorIndex Value="5"/>
        <UsageCount Value="18"/>
        <Loaded Value="True"/>
      </Unit27>
      <Unit28>
        <Filename Value="../../wsrichmemo.pas"/>
        <UnitName Value="WSRichMemo"/>
        <CursorPos X="66" Y="42"/>
        <TopLine Value="41"/>
        <EditorIndex Value="6"/>
        <UsageCount Value="18"/>
        <Loaded Value="True"/>
      </Unit28>
      <Unit29>
        <Filename Value="../../carbon/carbonrichmemo.pas"/>
        <UnitName Value="CarbonRichMemo"/>
        <CursorPos X="24" Y="222"/>
        <TopLine Value="262"/>
        <EditorIndex Value="2"/>
        <UsageCount Value="17"/>
        <Bookmarks Count="2">
          <Item0 X="16" Y="230" ID="2"/>
          <Item1 X="33" Y="467" ID="4"/>
        </Bookmarks>
        <Loaded Value="True"/>
      </Unit29>
      <Unit30>
        <Filename Value="../../../fpc/packages/univint/src/MacOSAll.pas"/>
        <UnitName Value="MacOSAll"/>
        <CursorPos X="39" Y="220678"/>
        <TopLine Value="220670"/>
        <EditorIndex Value="3"/>
        <UsageCount Value="16"/>
        <Loaded Value="True"/>
      </Unit30>
      <Unit31>
        <Filename Value="../../../fpc/rtl/objpas/sysutils/osutilsh.inc"/>
        <CursorPos X="10" Y="34"/>
        <TopLine Value="20"/>
        <UsageCount Value="11"/>
      </Unit31>
      <Unit32>
        <Filename Value="../../../fpc/rtl/objpas/classes/classesh.inc"/>
        <CursorPos X="19" Y="728"/>
        <TopLine Value="714"/>
        <UsageCount Value="11"/>
      </Unit32>
      <Unit33>
        <Filename Value="../../../fpc/rtl/objpas/classes/streams.inc"/>
        <CursorPos X="8" Y="147"/>
        <TopLine Value="140"/>
        <UsageCount Value="11"/>
      </Unit33>
      <Unit34>
        <Filename Value="../../../../wnlibsvn/CarbonPaste.pas"/>
        <IsPartOfProject Value="True"/>
        <UnitName Value="CarbonPaste"/>
        <CursorPos X="43" Y="9"/>
        <TopLine Value="1"/>
        <UsageCount Value="30"/>
      </Unit34>
      <Unit35>
        <Filename Value="../../../fpc/rtl/objpas/sysutils/sysutilh.inc"/>
        <CursorPos X="13" Y="185"/>
        <TopLine Value="169"/>
        <UsageCount Value="10"/>
      </Unit35>
      <Unit36>
        <Filename Value="../../../lazarus/lcl/widgetset/wsstdctrls.pp"/>
        <UnitName Value="WSStdCtrls"/>
        <CursorPos X="20" Y="145"/>
        <TopLine Value="138"/>
        <EditorIndex Value="4"/>
        <UsageCount Value="13"/>
        <Loaded Value="True"/>
      </Unit36>
    </Units>
    <JumpHistory Count="30" HistoryIndex="29">
      <Position1>
        <Filename Value="../../carbon/carbonrichmemo.pas"/>
        <Caret Line="451" Column="48" TopLine="439"/>
      </Position1>
      <Position2>
        <Filename Value="unit1.pas"/>
        <Caret Line="25" Column="21" TopLine="15"/>
      </Position2>
      <Position3>
        <Filename Value="unit1.pas"/>
        <Caret Line="110" Column="1" TopLine="94"/>
      </Position3>
      <Position4>
        <Filename Value="unit1.pas"/>
        <Caret Line="109" Column="45" TopLine="99"/>
      </Position4>
      <Position5>
        <Filename Value="unit1.pas"/>
        <Caret Line="25" Column="26" TopLine="9"/>
      </Position5>
      <Position6>
        <Filename Value="unit1.pas"/>
        <Caret Line="24" Column="18" TopLine="9"/>
      </Position6>
      <Position7>
        <Filename Value="unit1.pas"/>
        <Caret Line="25" Column="32" TopLine="9"/>
      </Position7>
      <Position8>
        <Filename Value="unit1.pas"/>
        <Caret Line="24" Column="18" TopLine="9"/>
      </Position8>
      <Position9>
        <Filename Value="unit1.pas"/>
        <Caret Line="26" Column="30" TopLine="9"/>
      </Position9>
      <Position10>
        <Filename Value="unit1.pas"/>
        <Caret Line="25" Column="26" TopLine="9"/>
      </Position10>
      <Position11>
        <Filename Value="unit1.pas"/>
        <Caret Line="24" Column="18" TopLine="9"/>
      </Position11>
      <Position12>
        <Filename Value="unit1.pas"/>
        <Caret Line="23" Column="30" TopLine="9"/>
      </Position12>
      <Position13>
        <Filename Value="unit1.pas"/>
        <Caret Line="111" Column="29" TopLine="101"/>
      </Position13>
      <Position14>
        <Filename Value="unit1.pas"/>
        <Caret Line="74" Column="1" TopLine="71"/>
      </Position14>
      <Position15>
        <Filename Value="unit1.pas"/>
        <Caret Line="78" Column="1" TopLine="73"/>
      </Position15>
      <Position16>
        <Filename Value="unit1.pas"/>
        <Caret Line="88" Column="33" TopLine="80"/>
      </Position16>
      <Position17>
        <Filename Value="unit1.pas"/>
        <Caret Line="75" Column="1" TopLine="73"/>
      </Position17>
      <Position18>
        <Filename Value="unit1.pas"/>
        <Caret Line="25" Column="30" TopLine="25"/>
      </Position18>
      <Position19>
        <Filename Value="unit1.pas"/>
        <Caret Line="26" Column="52" TopLine="25"/>
      </Position19>
      <Position20>
        <Filename Value="unit1.pas"/>
        <Caret Line="25" Column="30" TopLine="25"/>
      </Position20>
      <Position21>
        <Filename Value="unit1.pas"/>
        <Caret Line="24" Column="30" TopLine="24"/>
      </Position21>
      <Position22>
        <Filename Value="unit1.pas"/>
        <Caret Line="88" Column="33" TopLine="81"/>
      </Position22>
      <Position23>
        <Filename Value="unit1.pas"/>
        <Caret Line="80" Column="7" TopLine="75"/>
      </Position23>
      <Position24>
        <Filename Value="unit1.pas"/>
        <Caret Line="88" Column="1" TopLine="75"/>
      </Position24>
      <Position25>
        <Filename Value="unit1.pas"/>
        <Caret Line="79" Column="3" TopLine="75"/>
      </Position25>
      <Position26>
        <Filename Value="unit1.pas"/>
        <Caret Line="33" Column="44" TopLine="33"/>
      </Position26>
      <Position27>
        <Filename Value="unit1.pas"/>
        <Caret Line="110" Column="3" TopLine="108"/>
      </Position27>
      <Position28>
        <Filename Value="unit1.pas"/>
        <Caret Line="93" Column="1" TopLine="91"/>
      </Position28>
      <Position29>
        <Filename Value="unit1.pas"/>
        <Caret Line="89" Column="1" TopLine="76"/>
      </Position29>
      <Position30>
        <Filename Value="unit1.pas"/>
        <Caret Line="104" Column="1" TopLine="91"/>
      </Position30>
    </JumpHistory>
  </ProjectOptions>
  <CompilerOptions>
    <Version Value="8"/>
    <SearchPaths>
      <IncludeFiles Value="$(ProjOutDir)/"/>
    </SearchPaths>
    <Linking>
      <Options>
        <Win32>
          <GraphicApplication Value="True"/>
        </Win32>
      </Options>
    </Linking>
    <Other>
      <CompilerPath Value="$(CompPath)"/>
    </Other>
  </CompilerOptions>
  <Debugging>
    <Exceptions Count="3">
      <Item1>
        <Name Value="EAbort"/>
      </Item1>
      <Item2>
        <Name Value="ECodetoolError"/>
      </Item2>
      <Item3>
        <Name Value="EFOpenError"/>
      </Item3>
    </Exceptions>
  </Debugging>
</CONFIG>
