<?xml version="1.0"?>
<CONFIG>
  <ProjectOptions>
    <Version Value="7"/>
    <General>
      <MainUnit Value="0"/>
      <TargetFileExt Value=""/>
      <UseXPManifest Value="True"/>
      <ActiveEditorIndexAtStart Value="1"/>
    </General>
    <VersionInfo>
      <ProjectVersion Value=""/>
    </VersionInfo>
    <PublishOptions>
      <Version Value="2"/>
      <IgnoreBinaries Value="False"/>
      <IncludeFileFilter Value="*.(pas|pp|inc|lfm|lpr|lrs|lpi|lpk|sh|xml)"/>
      <ExcludeFileFilter Value="*.(bak|ppu|ppw|o|so);*~;backup"/>
    </PublishOptions>
    <RunParams>
      <local>
        <FormatVersion Value="1"/>
        <LaunchingApplication PathPlusParams="/usr/X11R6/bin/xterm -T 'Lazarus Run Output' -e $(LazarusDir)/tools/runwait.sh $(TargetCmdLine)"/>
      </local>
    </RunParams>
    <RequiredPackages Count="2">
      <Item1>
        <PackageName Value="richmemopackage"/>
        <MinVersion Minor="8" Valid="True"/>
      </Item1>
      <Item2>
        <PackageName Value="LCL"/>
      </Item2>
    </RequiredPackages>
    <Units Count="50">
      <Unit0>
        <Filename Value="project1.lpr"/>
        <IsPartOfProject Value="True"/>
        <UnitName Value="project1"/>
        <CursorPos X="12" Y="6"/>
        <TopLine Value="6"/>
        <UsageCount Value="64"/>
      </Unit0>
      <Unit1>
        <Filename Value="unit1.pas"/>
        <IsPartOfProject Value="True"/>
        <ComponentName Value="Form1"/>
        <ResourceBaseClass Value="Form"/>
        <UnitName Value="Unit1"/>
        <CursorPos X="27" Y="57"/>
        <TopLine Value="49"/>
        <EditorIndex Value="0"/>
        <UsageCount Value="64"/>
        <Loaded Value="True"/>
      </Unit1>
      <Unit2>
        <Filename Value="../RichMemo/carbon/carbonrichmemo.pas"/>
        <UnitName Value="CarbonRichMemo"/>
        <CursorPos X="31" Y="137"/>
        <TopLine Value="114"/>
        <UsageCount Value="12"/>
      </Unit2>
      <Unit3>
        <Filename Value="../RichMemo/win32/win32richmemo.pas"/>
        <UnitName Value="Win32RichMemo"/>
        <CursorPos X="1" Y="32"/>
        <TopLine Value="15"/>
        <UsageCount Value="6"/>
      </Unit3>
      <Unit4>
        <Filename Value="../RichMemo/richmemofactory.pas"/>
        <UnitName Value="RichMemoFactory"/>
        <CursorPos X="20" Y="22"/>
        <TopLine Value="1"/>
        <UsageCount Value="6"/>
      </Unit4>
      <Unit5>
        <Filename Value="../RichMemo/wsrichmemo.pas"/>
        <UnitName Value="WSRichMemo"/>
        <CursorPos X="32" Y="18"/>
        <TopLine Value="1"/>
        <UsageCount Value="6"/>
      </Unit5>
      <Unit6>
        <Filename Value="../lazarus/lcl/widgetset/wsstdctrls.pp"/>
        <UnitName Value="WSStdCtrls"/>
        <CursorPos X="32" Y="140"/>
        <TopLine Value="126"/>
        <UsageCount Value="6"/>
      </Unit6>
      <Unit7>
        <Filename Value="../lazarus/lcl/widgetset/wscontrols.pp"/>
        <UnitName Value="WSControls"/>
        <CursorPos X="33" Y="115"/>
        <TopLine Value="100"/>
        <UsageCount Value="6"/>
      </Unit7>
      <Unit8>
        <Filename Value="../lazarus/lcl/lcltype.pp"/>
        <UnitName Value="LCLType"/>
        <CursorPos X="3" Y="2330"/>
        <TopLine Value="2316"/>
        <UsageCount Value="7"/>
      </Unit8>
      <Unit9>
        <Filename Value="../lazarus/lcl/interfaces/carbon/carbonedits.pp"/>
        <UnitName Value="CarbonEdits"/>
        <CursorPos X="3" Y="140"/>
        <TopLine Value="124"/>
        <UsageCount Value="12"/>
      </Unit9>
      <Unit10>
        <Filename Value="../lazarus/lcl/widgetset/wscomctrls.pp"/>
        <UnitName Value="WSComCtrls"/>
        <CursorPos X="1" Y="144"/>
        <TopLine Value="144"/>
        <UsageCount Value="6"/>
      </Unit10>
      <Unit11>
        <Filename Value="../lazarus/lcl/interfaces/carbon/carbonwsstdctrls.pp"/>
        <UnitName Value="CarbonWSStdCtrls"/>
        <CursorPos X="20" Y="39"/>
        <TopLine Value="30"/>
        <UsageCount Value="10"/>
      </Unit11>
      <Unit12>
        <Filename Value="../fpc/packages/univint/src/MacOSAll.pas"/>
        <UnitName Value="MacOSAll"/>
        <CursorPos X="3" Y="35065"/>
        <TopLine Value="35051"/>
        <UsageCount Value="11"/>
      </Unit12>
      <Unit13>
        <Filename Value="../lazarus/lcl/interfaces/carbon/carbongdiobjects.pp"/>
        <UnitName Value="CarbonGDIObjects"/>
        <CursorPos X="3" Y="1109"/>
        <TopLine Value="1100"/>
        <UsageCount Value="31"/>
        <Bookmarks Count="1">
          <Item0 X="25" Y="150" ID="1"/>
        </Bookmarks>
        <Loaded Value="True"/>
      </Unit13>
      <Unit14>
        <Filename Value="../lazarus/lcl/interfaces/carbon/carbonproc.pp"/>
        <UnitName Value="CarbonProc"/>
        <CursorPos X="13" Y="554"/>
        <TopLine Value="538"/>
        <UsageCount Value="10"/>
        <Bookmarks Count="2">
          <Item0 X="25" Y="151" ID="1"/>
          <Item1 X="3" Y="536" ID="2"/>
        </Bookmarks>
      </Unit14>
      <Unit15>
        <Filename Value="../lazarus/lcl/controls.pp"/>
        <UnitName Value="Controls"/>
        <CursorPos X="3" Y="2457"/>
        <TopLine Value="2448"/>
        <UsageCount Value="9"/>
      </Unit15>
      <Unit16>
        <Filename Value="../fpc/rtl/objpas/sysutils/sysutilh.inc"/>
        <CursorPos X="17" Y="34"/>
        <TopLine Value="2"/>
        <UsageCount Value="7"/>
      </Unit16>
      <Unit17>
        <Filename Value="../fpc/rtl/bsd/system.pp"/>
        <UnitName Value="System"/>
        <CursorPos X="64" Y="52"/>
        <TopLine Value="29"/>
        <UsageCount Value="7"/>
      </Unit17>
      <Unit18>
        <Filename Value="../fpc/rtl/amiga/sysosh.inc"/>
        <CursorPos X="22" Y="18"/>
        <TopLine Value="7"/>
        <UsageCount Value="7"/>
      </Unit18>
      <Unit19>
        <Filename Value="../RichMemo/richmemo.pas"/>
        <UnitName Value="RichMemo"/>
        <CursorPos X="15" Y="39"/>
        <TopLine Value="23"/>
        <UsageCount Value="11"/>
      </Unit19>
      <Unit20>
        <Filename Value="../lazarus/lcl/interfaces/carbon/carbonprivate.pp"/>
        <UnitName Value="CarbonPrivate"/>
        <CursorPos X="17" Y="649"/>
        <TopLine Value="640"/>
        <UsageCount Value="30"/>
        <Loaded Value="True"/>
      </Unit20>
      <Unit21>
        <Filename Value="../lazarus/lcl/interfaces/carbon/carbonprivatecontrol.inc"/>
        <CursorPos X="42" Y="499"/>
        <TopLine Value="495"/>
        <UsageCount Value="8"/>
      </Unit21>
      <Unit22>
        <Filename Value="../lazarus/lcl/interfaces/carbon/carbondef.pp"/>
        <UnitName Value="CarbonDef"/>
        <CursorPos X="17" Y="649"/>
        <TopLine Value="640"/>
        <UsageCount Value="8"/>
      </Unit22>
      <Unit23>
        <Filename Value="../lazarus/lcl/graphics.pp"/>
        <UnitName Value="Graphics"/>
        <CursorPos X="3" Y="59"/>
        <TopLine Value="45"/>
        <UsageCount Value="8"/>
      </Unit23>
      <Unit24>
        <Filename Value="../lazarus/lcl/interfaces/carbon/carbondbgconsts.pp"/>
        <UnitName Value="CarbonDbgConsts"/>
        <CursorPos X="1" Y="1"/>
        <TopLine Value="1"/>
        <UsageCount Value="7"/>
      </Unit24>
      <Unit25>
        <Filename Value="Unit1.lrs"/>
        <CursorPos X="1" Y="1"/>
        <TopLine Value="1"/>
        <UsageCount Value="7"/>
      </Unit25>
      <Unit26>
        <Filename Value="../../../lazarus/ide/keymapping.pp"/>
        <UnitName Value="KeyMapping"/>
        <CursorPos X="74" Y="1565"/>
        <TopLine Value="1558"/>
        <UsageCount Value="7"/>
      </Unit26>
      <Unit27>
        <Filename Value="../../richmemo.pas"/>
        <UnitName Value="RichMemo"/>
        <CursorPos X="15" Y="55"/>
        <TopLine Value="42"/>
        <EditorIndex Value="6"/>
        <UsageCount Value="27"/>
        <Loaded Value="True"/>
      </Unit27>
      <Unit28>
        <Filename Value="../../wsrichmemo.pas"/>
        <UnitName Value="WSRichMemo"/>
        <CursorPos X="31" Y="47"/>
        <TopLine Value="32"/>
        <EditorIndex Value="5"/>
        <UsageCount Value="27"/>
        <Loaded Value="True"/>
      </Unit28>
      <Unit29>
        <Filename Value="../../carbon/carbonrichmemo.pas"/>
        <UnitName Value="CarbonRichMemo"/>
        <CursorPos X="12" Y="281"/>
        <TopLine Value="268"/>
        <UsageCount Value="19"/>
      </Unit29>
      <Unit30>
        <Filename Value="../../../fpc/packages/univint/src/MacOSAll.pas"/>
        <UnitName Value="MacOSAll"/>
        <CursorPos X="1" Y="495"/>
        <TopLine Value="495"/>
        <EditorIndex Value="4"/>
        <UsageCount Value="18"/>
        <Loaded Value="True"/>
      </Unit30>
      <Unit31>
        <Filename Value="../../../fpc/rtl/objpas/sysutils/osutilsh.inc"/>
        <CursorPos X="10" Y="34"/>
        <TopLine Value="20"/>
        <UsageCount Value="9"/>
      </Unit31>
      <Unit32>
        <Filename Value="../../../fpc/rtl/objpas/classes/classesh.inc"/>
        <CursorPos X="19" Y="728"/>
        <TopLine Value="714"/>
        <UsageCount Value="9"/>
      </Unit32>
      <Unit33>
        <Filename Value="../../../fpc/rtl/objpas/classes/streams.inc"/>
        <CursorPos X="8" Y="147"/>
        <TopLine Value="140"/>
        <UsageCount Value="9"/>
      </Unit33>
      <Unit34>
        <Filename Value="../../../../wnlibsvn/CarbonPaste.pas"/>
        <IsPartOfProject Value="True"/>
        <UnitName Value="CarbonPaste"/>
        <CursorPos X="43" Y="9"/>
        <TopLine Value="1"/>
        <UsageCount Value="48"/>
      </Unit34>
      <Unit35>
        <Filename Value="../../../fpc/rtl/objpas/sysutils/sysutilh.inc"/>
        <CursorPos X="13" Y="185"/>
        <TopLine Value="169"/>
        <UsageCount Value="8"/>
      </Unit35>
      <Unit36>
        <Filename Value="../../../lazarus/lcl/widgetset/wsstdctrls.pp"/>
        <UnitName Value="WSStdCtrls"/>
        <CursorPos X="20" Y="144"/>
        <TopLine Value="131"/>
        <UsageCount Value="14"/>
      </Unit36>
      <Unit37>
        <Filename Value="../../richmemotypes.pas"/>
        <UnitName Value="RichMemoTypes"/>
        <CursorPos X="1" Y="1"/>
        <TopLine Value="1"/>
        <UsageCount Value="9"/>
      </Unit37>
      <Unit38>
        <Filename Value="../../win32/win32richmemo.pas"/>
        <UnitName Value="Win32RichMemo"/>
        <CursorPos X="15" Y="2"/>
        <TopLine Value="1"/>
        <UsageCount Value="16"/>
      </Unit38>
      <Unit39>
        <Filename Value="../../win32/win32richmemoproc.pas"/>
        <UnitName Value="Win32RichMemoProc"/>
        <CursorPos X="35" Y="172"/>
        <TopLine Value="154"/>
        <EditorIndex Value="7"/>
        <UsageCount Value="17"/>
        <Bookmarks Count="1">
          <Item0 X="1" Y="121" ID="2"/>
        </Bookmarks>
        <Loaded Value="True"/>
      </Unit39>
      <Unit40>
        <Filename Value="../../../../../fpc/packages/winunits-base/src/richedit.pp"/>
        <UnitName Value="richedit"/>
        <CursorPos X="1" Y="1"/>
        <TopLine Value="1"/>
        <UsageCount Value="12"/>
        <Bookmarks Count="1">
          <Item0 X="98" Y="366" ID="3"/>
        </Bookmarks>
      </Unit40>
      <Unit41>
        <Filename Value="../../../../../fpc/rtl/win/wininc/base.inc"/>
        <CursorPos X="1" Y="211"/>
        <TopLine Value="211"/>
        <UsageCount Value="12"/>
      </Unit41>
      <Unit42>
        <Filename Value="../../../../../fpc/rtl/objpas/classes/classesh.inc"/>
        <CursorPos X="1" Y="791"/>
        <TopLine Value="782"/>
        <UsageCount Value="10"/>
      </Unit42>
      <Unit43>
        <Filename Value="../../../../../fpc/rtl/objpas/classes/streams.inc"/>
        <CursorPos X="3" Y="465"/>
        <TopLine Value="462"/>
        <UsageCount Value="10"/>
      </Unit43>
      <Unit44>
        <Filename Value="../../../../../fpc/rtl/win/wininc/ascdef.inc"/>
        <CursorPos X="120" Y="182"/>
        <TopLine Value="167"/>
        <UsageCount Value="10"/>
      </Unit44>
      <Unit45>
        <Filename Value="../../../../../Lazarus/lcl/stdctrls.pp"/>
        <UnitName Value="StdCtrls"/>
        <CursorPos X="1" Y="23"/>
        <TopLine Value="1"/>
        <UsageCount Value="10"/>
      </Unit45>
      <Unit46>
        <Filename Value="../../../../../Lazarus/lcl/interfaces/win32/win32def.pp"/>
        <UnitName Value="Win32Def"/>
        <CursorPos X="1" Y="10"/>
        <TopLine Value="1"/>
        <UsageCount Value="10"/>
      </Unit46>
      <Unit47>
        <Filename Value="../../../lazarus/lcl/interfaces/carbon/carbonedits.pp"/>
        <UnitName Value="CarbonEdits"/>
        <CursorPos X="1" Y="1"/>
        <TopLine Value="1"/>
        <EditorIndex Value="1"/>
        <UsageCount Value="11"/>
        <Bookmarks Count="1">
          <Item0 X="1" Y="188" ID="3"/>
        </Bookmarks>
        <Loaded Value="True"/>
      </Unit47>
      <Unit48>
        <Filename Value="../../../lazarus/lcl/interfaces/carbon/carbonstrings.pp"/>
        <UnitName Value="CarbonStrings"/>
        <CursorPos X="25" Y="5"/>
        <TopLine Value="1"/>
        <EditorIndex Value="3"/>
        <UsageCount Value="11"/>
        <Loaded Value="True"/>
      </Unit48>
      <Unit49>
        <Filename Value="../../../lazarus/lcl/interfaces/carbon/carbondef.pp"/>
        <UnitName Value="CarbonDef"/>
        <CursorPos X="5" Y="83"/>
        <TopLine Value="70"/>
        <EditorIndex Value="2"/>
        <UsageCount Value="10"/>
        <Loaded Value="True"/>
      </Unit49>
    </Units>
    <JumpHistory Count="21" HistoryIndex="20">
      <Position1>
        <Filename Value="../../../lazarus/lcl/interfaces/carbon/carbonedits.pp"/>
        <Caret Line="1580" Column="5" TopLine="1555"/>
      </Position1>
      <Position2>
        <Filename Value="../../../lazarus/lcl/interfaces/carbon/carbonedits.pp"/>
        <Caret Line="1592" Column="1" TopLine="1580"/>
      </Position2>
      <Position3>
        <Filename Value="../../../lazarus/lcl/interfaces/carbon/carbonedits.pp"/>
        <Caret Line="1600" Column="1" TopLine="1584"/>
      </Position3>
      <Position4>
        <Filename Value="../../../lazarus/lcl/interfaces/carbon/carbonedits.pp"/>
        <Caret Line="1880" Column="1" TopLine="1855"/>
      </Position4>
      <Position5>
        <Filename Value="../../../lazarus/lcl/interfaces/carbon/carbonedits.pp"/>
        <Caret Line="27" Column="1" TopLine="27"/>
      </Position5>
      <Position6>
        <Filename Value="../../../lazarus/lcl/interfaces/carbon/carbonedits.pp"/>
        <Caret Line="1560" Column="5" TopLine="1535"/>
      </Position6>
      <Position7>
        <Filename Value="../../../lazarus/lcl/interfaces/carbon/carbonedits.pp"/>
        <Caret Line="1557" Column="61" TopLine="1544"/>
      </Position7>
      <Position8>
        <Filename Value="../../../lazarus/lcl/interfaces/carbon/carbonedits.pp"/>
        <Caret Line="178" Column="61" TopLine="163"/>
      </Position8>
      <Position9>
        <Filename Value="../../../lazarus/lcl/interfaces/carbon/carbonedits.pp"/>
        <Caret Line="1561" Column="18" TopLine="1556"/>
      </Position9>
      <Position10>
        <Filename Value="../../../lazarus/lcl/interfaces/carbon/carbonedits.pp"/>
        <Caret Line="178" Column="52" TopLine="178"/>
      </Position10>
      <Position11>
        <Filename Value="../../../lazarus/lcl/interfaces/carbon/carbonedits.pp"/>
        <Caret Line="1557" Column="61" TopLine="1557"/>
      </Position11>
      <Position12>
        <Filename Value="../../../lazarus/lcl/interfaces/carbon/carbonedits.pp"/>
        <Caret Line="1601" Column="1" TopLine="1592"/>
      </Position12>
      <Position13>
        <Filename Value="../../../lazarus/lcl/interfaces/carbon/carbonedits.pp"/>
        <Caret Line="1557" Column="25" TopLine="1544"/>
      </Position13>
      <Position14>
        <Filename Value="../../../lazarus/lcl/interfaces/carbon/carbonedits.pp"/>
        <Caret Line="178" Column="52" TopLine="178"/>
      </Position14>
      <Position15>
        <Filename Value="../../../lazarus/lcl/interfaces/carbon/carbonedits.pp"/>
        <Caret Line="190" Column="14" TopLine="176"/>
      </Position15>
      <Position16>
        <Filename Value="../../../lazarus/lcl/interfaces/carbon/carbonedits.pp"/>
        <Caret Line="1560" Column="51" TopLine="1548"/>
      </Position16>
      <Position17>
        <Filename Value="../../../lazarus/lcl/interfaces/carbon/carbonedits.pp"/>
        <Caret Line="1591" Column="19" TopLine="1578"/>
      </Position17>
      <Position18>
        <Filename Value="../../../lazarus/lcl/interfaces/carbon/carbonedits.pp"/>
        <Caret Line="1606" Column="3" TopLine="1588"/>
      </Position18>
      <Position19>
        <Filename Value="../../../lazarus/lcl/interfaces/carbon/carbonedits.pp"/>
        <Caret Line="1773" Column="1" TopLine="1763"/>
      </Position19>
      <Position20>
        <Filename Value="../../../lazarus/lcl/interfaces/carbon/carbonedits.pp"/>
        <Caret Line="1" Column="1" TopLine="1"/>
      </Position20>
      <Position21>
        <Filename Value="../../../lazarus/lcl/interfaces/carbon/carbonedits.pp"/>
        <Caret Line="342" Column="27" TopLine="333"/>
      </Position21>
    </JumpHistory>
  </ProjectOptions>
  <CompilerOptions>
    <Version Value="8"/>
    <SearchPaths>
      <IncludeFiles Value="$(ProjOutDir)/"/>
    </SearchPaths>
    <Linking>
      <Options>
        <Win32>
          <GraphicApplication Value="True"/>
        </Win32>
      </Options>
    </Linking>
    <Other>
      <CompilerPath Value="$(CompPath)"/>
    </Other>
  </CompilerOptions>
  <Debugging>
    <Exceptions Count="3">
      <Item1>
        <Name Value="EAbort"/>
      </Item1>
      <Item2>
        <Name Value="ECodetoolError"/>
      </Item2>
      <Item3>
        <Name Value="EFOpenError"/>
      </Item3>
    </Exceptions>
  </Debugging>
</CONFIG>
